
Microsoft Visual Studio Solution File, Format Version 12.00
# Visual Studio Version 17
VisualStudioVersion = 17.9.34622.214
MinimumVisualStudioVersion = 10.0.40219.1
Project("{9A19103F-16F7-4668-BE54-9A1E7A4F7556}") = "DalTest", "DalTest\DalTest.csproj", "{D62913EA-FCAB-4F46-AFF4-047AD9E5757D}"
EndProject
Project("{9A19103F-16F7-4668-BE54-9A1E7A4F7556}") = "DalFacade", "DalFacade\DalFacade.csproj", "{A498E0F3-D710-4E21-8F00-E7558B198E7C}"
EndProject
Project("{9A19103F-16F7-4668-BE54-9A1E7A4F7556}") = "DalList", "DalList\DalList.csproj", "{7A2051EB-361C-471C-8F81-AA1BB766EE60}"
EndProject
Global
	GlobalSection(SolutionConfigurationPlatforms) = preSolution
		Debug|Any CPU = Debug|Any CPU
		Release|Any CPU = Release|Any CPU
	EndGlobalSection
	GlobalSection(ProjectConfigurationPlatforms) = postSolution
		{D62913EA-FCAB-4F46-AFF4-047AD9E5757D}.Debug|Any CPU.ActiveCfg = Debug|Any CPU
		{D62913EA-FCAB-4F46-AFF4-047AD9E5757D}.Debug|Any CPU.Build.0 = Debug|Any CPU
		{D62913EA-FCAB-4F46-AFF4-047AD9E5757D}.Release|Any CPU.ActiveCfg = Release|Any CPU
		{D62913EA-FCAB-4F46-AFF4-047AD9E5757D}.Release|Any CPU.Build.0 = Release|Any CPU
		{A498E0F3-D710-4E21-8F00-E7558B198E7C}.Debug|Any CPU.ActiveCfg = Debug|Any CPU
		{A498E0F3-D710-4E21-8F00-E7558B198E7C}.Debug|Any CPU.Build.0 = Debug|Any CPU
		{A498E0F3-D710-4E21-8F00-E7558B198E7C}.Release|Any CPU.ActiveCfg = Release|Any CPU
		{A498E0F3-D710-4E21-8F00-E7558B198E7C}.Release|Any CPU.Build.0 = Release|Any CPU
		{7A2051EB-361C-471C-8F81-AA1BB766EE60}.Debug|Any CPU.ActiveCfg = Debug|Any CPU
		{7A2051EB-361C-471C-8F81-AA1BB766EE60}.Debug|Any CPU.Build.0 = Debug|Any CPU
		{7A2051EB-361C-471C-8F81-AA1BB766EE60}.Release|Any CPU.ActiveCfg = Release|Any CPU
		{7A2051EB-361C-471C-8F81-AA1BB766EE60}.Release|Any CPU.Build.0 = Release|Any CPU
	EndGlobalSection
	GlobalSection(SolutionProperties) = preSolution
		HideSolutionNode = FALSE
	EndGlobalSection
	GlobalSection(ExtensibilityGlobals) = postSolution
		SolutionGuid = {E1511C62-116C-4EB5-9D20-1090D5E1389B}
	EndGlobalSection
EndGlobal
