
Microsoft Visual Studio Solution File, Format Version 12.00
# Visual Studio Version 17
VisualStudioVersion = 17.9.34622.214
MinimumVisualStudioVersion = 10.0.40219.1
Project("{9A19103F-16F7-4668-BE54-9A1E7A4F7556}") = "DalTest", "DalTest\DalTest.csproj", "{D62913EA-FCAB-4F46-AFF4-047AD9E5757D}"
EndProject
Project("{9A19103F-16F7-4668-BE54-9A1E7A4F7556}") = "DalFacade", "DalFacade\DalFacade.csproj", "{A498E0F3-D710-4E21-8F00-E7558B198E7C}"
EndProject
Project("{9A19103F-16F7-4668-BE54-9A1E7A4F7556}") = "DalList", "DalList\DalList.csproj", "{7A2051EB-361C-471C-8F81-AA1BB766EE60}"
EndProject
Project("{9A19103F-16F7-4668-BE54-9A1E7A4F7556}") = "Tools", "Tools\Tools.csproj", "{7F11B193-2D53-499A-9597-F83B96529E22}"
EndProject
Project("{2150E333-8FDC-42A3-9474-1A3956D46DE8}") = "xml", "xml", "{A74CC9BA-6826-450D-B784-3C98400E9655}"
	ProjectSection(SolutionItems) = preProject
		xml\dal-config.xml = xml\dal-config.xml
	EndProjectSection
EndProject
Project("{FAE04EC0-301F-11D3-BF4B-00C04F79EFBC}") = "BL", "BL\BL.csproj", "{616629BD-410F-44EE-96D4-D1C5B855E8F6}"
EndProject
Project("{FAE04EC0-301F-11D3-BF4B-00C04F79EFBC}") = "BlTest", "BlTest\BlTest.csproj", "{801ED633-7AE7-4672-8FAA-868BB51280A1}"
EndProject
Global
	GlobalSection(SolutionConfigurationPlatforms) = preSolution
		Debug|Any CPU = Debug|Any CPU
		Release|Any CPU = Release|Any CPU
	EndGlobalSection
	GlobalSection(ProjectConfigurationPlatforms) = postSolution
		{D62913EA-FCAB-4F46-AFF4-047AD9E5757D}.Debug|Any CPU.ActiveCfg = Debug|Any CPU
		{D62913EA-FCAB-4F46-AFF4-047AD9E5757D}.Debug|Any CPU.Build.0 = Debug|Any CPU
		{D62913EA-FCAB-4F46-AFF4-047AD9E5757D}.Release|Any CPU.ActiveCfg = Release|Any CPU
		{D62913EA-FCAB-4F46-AFF4-047AD9E5757D}.Release|Any CPU.Build.0 = Release|Any CPU
		{A498E0F3-D710-4E21-8F00-E7558B198E7C}.Debug|Any CPU.ActiveCfg = Debug|Any CPU
		{A498E0F3-D710-4E21-8F00-E7558B198E7C}.Debug|Any CPU.Build.0 = Debug|Any CPU
		{A498E0F3-D710-4E21-8F00-E7558B198E7C}.Release|Any CPU.ActiveCfg = Release|Any CPU
		{A498E0F3-D710-4E21-8F00-E7558B198E7C}.Release|Any CPU.Build.0 = Release|Any CPU
		{7A2051EB-361C-471C-8F81-AA1BB766EE60}.Debug|Any CPU.ActiveCfg = Debug|Any CPU
		{7A2051EB-361C-471C-8F81-AA1BB766EE60}.Debug|Any CPU.Build.0 = Debug|Any CPU
		{7A2051EB-361C-471C-8F81-AA1BB766EE60}.Release|Any CPU.ActiveCfg = Release|Any CPU
		{7A2051EB-361C-471C-8F81-AA1BB766EE60}.Release|Any CPU.Build.0 = Release|Any CPU
		{7F11B193-2D53-499A-9597-F83B96529E22}.Debug|Any CPU.ActiveCfg = Debug|Any CPU
		{7F11B193-2D53-499A-9597-F83B96529E22}.Debug|Any CPU.Build.0 = Debug|Any CPU
		{7F11B193-2D53-499A-9597-F83B96529E22}.Release|Any CPU.ActiveCfg = Release|Any CPU
		{7F11B193-2D53-499A-9597-F83B96529E22}.Release|Any CPU.Build.0 = Release|Any CPU
		{616629BD-410F-44EE-96D4-D1C5B855E8F6}.Debug|Any CPU.ActiveCfg = Debug|Any CPU
		{616629BD-410F-44EE-96D4-D1C5B855E8F6}.Debug|Any CPU.Build.0 = Debug|Any CPU
		{616629BD-410F-44EE-96D4-D1C5B855E8F6}.Release|Any CPU.ActiveCfg = Release|Any CPU
		{616629BD-410F-44EE-96D4-D1C5B855E8F6}.Release|Any CPU.Build.0 = Release|Any CPU
		{801ED633-7AE7-4672-8FAA-868BB51280A1}.Debug|Any CPU.ActiveCfg = Debug|Any CPU
		{801ED633-7AE7-4672-8FAA-868BB51280A1}.Debug|Any CPU.Build.0 = Debug|Any CPU
		{801ED633-7AE7-4672-8FAA-868BB51280A1}.Release|Any CPU.ActiveCfg = Release|Any CPU
		{801ED633-7AE7-4672-8FAA-868BB51280A1}.Release|Any CPU.Build.0 = Release|Any CPU
	EndGlobalSection
	GlobalSection(SolutionProperties) = preSolution
		HideSolutionNode = FALSE
	EndGlobalSection
	GlobalSection(ExtensibilityGlobals) = postSolution
		SolutionGuid = {E1511C62-116C-4EB5-9D20-1090D5E1389B}
	EndGlobalSection
EndGlobal
